// !$*UTF8*$!
{
	archiveVersion = 1;
	classes = {
	};
	objectVersion = 56;
	objects = {

/* Begin PBXBuildFile section */
		E64CDA6E2B6DADFD001F7413 /* AppDelegate.swift in Sources */ = {isa = PBXBuildFile; fileRef = E64CDA6D2B6DADFD001F7413 /* AppDelegate.swift */; };
		E64CDA702B6DADFD001F7413 /* SceneDelegate.swift in Sources */ = {isa = PBXBuildFile; fileRef = E64CDA6F2B6DADFD001F7413 /* SceneDelegate.swift */; };
		E64CDA722B6DADFD001F7413 /* ViewController.swift in Sources */ = {isa = PBXBuildFile; fileRef = E64CDA712B6DADFD001F7413 /* ViewController.swift */; };
		E64CDA752B6DADFD001F7413 /* Main.storyboard in Resources */ = {isa = PBXBuildFile; fileRef = E64CDA732B6DADFD001F7413 /* Main.storyboard */; };
		E64CDA772B6DADFE001F7413 /* Assets.xcassets in Resources */ = {isa = PBXBuildFile; fileRef = E64CDA762B6DADFE001F7413 /* Assets.xcassets */; };
		E64CDA7A2B6DADFE001F7413 /* LaunchScreen.storyboard in Resources */ = {isa = PBXBuildFile; fileRef = E64CDA782B6DADFE001F7413 /* LaunchScreen.storyboard */; };
/* End PBXBuildFile section */

/* Begin PBXFileReference section */
		E64CDA6A2B6DADFD001F7413 /* HW2.2_TrafficLightsSB_Anna.app */ = {isa = PBXFileReference; explicitFileType = wrapper.application; includeInIndex = 0; path = HW2.2_TrafficLightsSB_Anna.app; sourceTree = BUILT_PRODUCTS_DIR; };
		E64CDA6D2B6DADFD001F7413 /* AppDelegate.swift */ = {isa = PBXFileReference; lastKnownFileType = sourcecode.swift; path = AppDelegate.swift; sourceTree = "<group>"; };
		E64CDA6F2B6DADFD001F7413 /* SceneDelegate.swift */ = {isa = PBXFileReference; lastKnownFileType = sourcecode.swift; path = SceneDelegate.swift; sourceTree = "<group>"; };
		E64CDA712B6DADFD001F7413 /* ViewController.swift */ = {isa = PBXFileReference; lastKnownFileType = sourcecode.swift; path = ViewController.swift; sourceTree = "<group>"; };
		E64CDA742B6DADFD001F7413 /* Base */ = {isa = PBXFileReference; lastKnownFileType = file.storyboard; name = Base; path = Base.lproj/Main.storyboard; sourceTree = "<group>"; };
		E64CDA762B6DADFE001F7413 /* Assets.xcassets */ = {isa = PBXFileReference; lastKnownFileType = folder.assetcatalog; path = Assets.xcassets; sourceTree = "<group>"; };
		E64CDA792B6DADFE001F7413 /* Base */ = {isa = PBXFileReference; lastKnownFileType = file.storyboard; name = Base; path = Base.lproj/LaunchScreen.storyboard; sourceTree = "<group>"; };
		E64CDA7B2B6DADFE001F7413 /* Info.plist */ = {isa = PBXFileReference; lastKnownFileType = text.plist.xml; path = Info.plist; sourceTree = "<group>"; };
/* End PBXFileReference section */

/* Begin PBXFrameworksBuildPhase section */
		E64CDA672B6DADFD001F7413 /* Frameworks */ = {
			isa = PBXFrameworksBuildPhase;
			buildActionMask = 2147483647;
			files = (
			);
			runOnlyForDeploymentPostprocessing = 0;
		};
/* End PBXFrameworksBuildPhase section */

/* Begin PBXGroup section */
		E64CDA612B6DADFD001F7413 = {
			isa = PBXGroup;
			children = (
				E64CDA6C2B6DADFD001F7413 /* HW2.2_TrafficLightsSB_Anna */,
				E64CDA6B2B6DADFD001F7413 /* Products */,
			);
			sourceTree = "<group>";
		};
		E64CDA6B2B6DADFD001F7413 /* Products */ = {
			isa = PBXGroup;
			children = (
				E64CDA6A2B6DADFD001F7413 /* HW2.2_TrafficLightsSB_Anna.app */,
			);
			name = Products;
			sourceTree = "<group>";
		};
		E64CDA6C2B6DADFD001F7413 /* HW2.2_TrafficLightsSB_Anna */ = {
			isa = PBXGroup;
			children = (
				E64CDA6D2B6DADFD001F7413 /* AppDelegate.swift */,
				E64CDA6F2B6DADFD001F7413 /* SceneDelegate.swift */,
				E64CDA712B6DADFD001F7413 /* ViewController.swift */,
				E64CDA732B6DADFD001F7413 /* Main.storyboard */,
				E64CDA762B6DADFE001F7413 /* Assets.xcassets */,
				E64CDA782B6DADFE001F7413 /* LaunchScreen.storyboard */,
				E64CDA7B2B6DADFE001F7413 /* Info.plist */,
			);
			path = HW2.2_TrafficLightsSB_Anna;
			sourceTree = "<group>";
		};
/* End PBXGroup section */

/* Begin PBXNativeTarget section */
		E64CDA692B6DADFD001F7413 /* HW2.2_TrafficLightsSB_Anna */ = {
			isa = PBXNativeTarget;
			buildConfigurationList = E64CDA7E2B6DADFE001F7413 /* Build configuration list for PBXNativeTarget "HW2.2_TrafficLightsSB_Anna" */;
			buildPhases = (
				E64CDA662B6DADFD001F7413 /* Sources */,
				E64CDA672B6DADFD001F7413 /* Frameworks */,
				E64CDA682B6DADFD001F7413 /* Resources */,
			);
			buildRules = (
			);
			dependencies = (
			);
			name = HW2.2_TrafficLightsSB_Anna;
			productName = HW2.2_TrafficLightsSB_Anna;
			productReference = E64CDA6A2B6DADFD001F7413 /* HW2.2_TrafficLightsSB_Anna.app */;
			productType = "com.apple.product-type.application";
		};
/* End PBXNativeTarget section */

/* Begin PBXProject section */
		E64CDA622B6DADFD001F7413 /* Project object */ = {
			isa = PBXProject;
			attributes = {
				BuildIndependentTargetsInParallel = 1;
				LastSwiftUpdateCheck = 1520;
				LastUpgradeCheck = 1520;
				TargetAttributes = {
					E64CDA692B6DADFD001F7413 = {
						CreatedOnToolsVersion = 15.2;
					};
				};
			};
			buildConfigurationList = E64CDA652B6DADFD001F7413 /* Build configuration list for PBXProject "HW2.2_TrafficLightsSB_Anna" */;
			compatibilityVersion = "Xcode 14.0";
			developmentRegion = en;
			hasScannedForEncodings = 0;
			knownRegions = (
				en,
				Base,
			);
			mainGroup = E64CDA612B6DADFD001F7413;
			productRefGroup = E64CDA6B2B6DADFD001F7413 /* Products */;
			projectDirPath = "";
			projectRoot = "";
			targets = (
				E64CDA692B6DADFD001F7413 /* HW2.2_TrafficLightsSB_Anna */,
			);
		};
/* End PBXProject section */

/* Begin PBXResourcesBuildPhase section */
		E64CDA682B6DADFD001F7413 /* Resources */ = {
			isa = PBXResourcesBuildPhase;
			buildActionMask = 2147483647;
			files = (
				E64CDA7A2B6DADFE001F7413 /* LaunchScreen.storyboard in Resources */,
				E64CDA772B6DADFE001F7413 /* Assets.xcassets in Resources */,
				E64CDA752B6DADFD001F7413 /* Main.storyboard in Resources */,
			);
			runOnlyForDeploymentPostprocessing = 0;
		};
/* End PBXResourcesBuildPhase section */

/* Begin PBXSourcesBuildPhase section */
		E64CDA662B6DADFD001F7413 /* Sources */ = {
			isa = PBXSourcesBuildPhase;
			buildActionMask = 2147483647;
			files = (
				E64CDA722B6DADFD001F7413 /* ViewController.swift in Sources */,
				E64CDA6E2B6DADFD001F7413 /* AppDelegate.swift in Sources */,
				E64CDA702B6DADFD001F7413 /* SceneDelegate.swift in Sources */,
			);
			runOnlyForDeploymentPostprocessing = 0;
		};
/* End PBXSourcesBuildPhase section */

/* Begin PBXVariantGroup section */
		E64CDA732B6DADFD001F7413 /* Main.storyboard */ = {
			isa = PBXVariantGroup;
			children = (
				E64CDA742B6DADFD001F7413 /* Base */,
			);
			name = Main.storyboard;
			sourceTree = "<group>";
		};
		E64CDA782B6DADFE001F7413 /* LaunchScreen.storyboard */ = {
			isa = PBXVariantGroup;
			children = (
				E64CDA792B6DADFE001F7413 /* Base */,
			);
			name = LaunchScreen.storyboard;
			sourceTree = "<group>";
		};
/* End PBXVariantGroup section */

/* Begin XCBuildConfiguration section */
		E64CDA7C2B6DADFE001F7413 /* Debug */ = {
			isa = XCBuildConfiguration;
			buildSettings = {
				ALWAYS_SEARCH_USER_PATHS = NO;
				ASSETCATALOG_COMPILER_GENERATE_SWIFT_ASSET_SYMBOL_EXTENSIONS = YES;
				CLANG_ANALYZER_NONNULL = YES;
				CLANG_ANALYZER_NUMBER_OBJECT_CONVERSION = YES_AGGRESSIVE;
				CLANG_CXX_LANGUAGE_STANDARD = "gnu++20";
				CLANG_ENABLE_MODULES = YES;
				CLANG_ENABLE_OBJC_ARC = YES;
				CLANG_ENABLE_OBJC_WEAK = YES;
				CLANG_WARN_BLOCK_CAPTURE_AUTORELEASING = YES;
				CLANG_WARN_BOOL_CONVERSION = YES;
				CLANG_WARN_COMMA = YES;
				CLANG_WARN_CONSTANT_CONVERSION = YES;
				CLANG_WARN_DEPRECATED_OBJC_IMPLEMENTATIONS = YES;
				CLANG_WARN_DIRECT_OBJC_ISA_USAGE = YES_ERROR;
				CLANG_WARN_DOCUMENTATION_COMMENTS = YES;
				CLANG_WARN_EMPTY_BODY = YES;
				CLANG_WARN_ENUM_CONVERSION = YES;
				CLANG_WARN_INFINITE_RECURSION = YES;
				CLANG_WARN_INT_CONVERSION = YES;
				CLANG_WARN_NON_LITERAL_NULL_CONVERSION = YES;
				CLANG_WARN_OBJC_IMPLICIT_RETAIN_SELF = YES;
				CLANG_WARN_OBJC_LITERAL_CONVERSION = YES;
				CLANG_WARN_OBJC_ROOT_CLASS = YES_ERROR;
				CLANG_WARN_QUOTED_INCLUDE_IN_FRAMEWORK_HEADER = YES;
				CLANG_WARN_RANGE_LOOP_ANALYSIS = YES;
				CLANG_WARN_STRICT_PROTOTYPES = YES;
				CLANG_WARN_SUSPICIOUS_MOVE = YES;
				CLANG_WARN_UNGUARDED_AVAILABILITY = YES_AGGRESSIVE;
				CLANG_WARN_UNREACHABLE_CODE = YES;
				CLANG_WARN__DUPLICATE_METHOD_MATCH = YES;
				COPY_PHASE_STRIP = NO;
				DEBUG_INFORMATION_FORMAT = dwarf;
				ENABLE_STRICT_OBJC_MSGSEND = YES;
				ENABLE_TESTABILITY = YES;
				ENABLE_USER_SCRIPT_SANDBOXING = YES;
				GCC_C_LANGUAGE_STANDARD = gnu17;
				GCC_DYNAMIC_NO_PIC = NO;
				GCC_NO_COMMON_BLOCKS = YES;
				GCC_OPTIMIZATION_LEVEL = 0;
				GCC_PREPROCESSOR_DEFINITIONS = (
					"DEBUG=1",
					"$(inherited)",
				);
				GCC_WARN_64_TO_32_BIT_CONVERSION = YES;
				GCC_WARN_ABOUT_RETURN_TYPE = YES_ERROR;
				GCC_WARN_UNDECLARED_SELECTOR = YES;
				GCC_WARN_UNINITIALIZED_AUTOS = YES_AGGRESSIVE;
				GCC_WARN_UNUSED_FUNCTION = YES;
				GCC_WARN_UNUSED_VARIABLE = YES;
				IPHONEOS_DEPLOYMENT_TARGET = 17.2;
				LOCALIZATION_PREFERS_STRING_CATALOGS = YES;
				MTL_ENABLE_DEBUG_INFO = INCLUDE_SOURCE;
				MTL_FAST_MATH = YES;
				ONLY_ACTIVE_ARCH = YES;
				SDKROOT = iphoneos;
				SWIFT_ACTIVE_COMPILATION_CONDITIONS = "DEBUG $(inherited)";
				SWIFT_OPTIMIZATION_LEVEL = "-Onone";
			};
			name = Debug;
		};
		E64CDA7D2B6DADFE001F7413 /* Release */ = {
			isa = XCBuildConfiguration;
			buildSettings = {
				ALWAYS_SEARCH_USER_PATHS = NO;
				ASSETCATALOG_COMPILER_GENERATE_SWIFT_ASSET_SYMBOL_EXTENSIONS = YES;
				CLANG_ANALYZER_NONNULL = YES;
				CLANG_ANALYZER_NUMBER_OBJECT_CONVERSION = YES_AGGRESSIVE;
				CLANG_CXX_LANGUAGE_STANDARD = "gnu++20";
				CLANG_ENABLE_MODULES = YES;
				CLANG_ENABLE_OBJC_ARC = YES;
				CLANG_ENABLE_OBJC_WEAK = YES;
				CLANG_WARN_BLOCK_CAPTURE_AUTORELEASING = YES;
				CLANG_WARN_BOOL_CONVERSION = YES;
				CLANG_WARN_COMMA = YES;
				CLANG_WARN_CONSTANT_CONVERSION = YES;
				CLANG_WARN_DEPRECATED_OBJC_IMPLEMENTATIONS = YES;
				CLANG_WARN_DIRECT_OBJC_ISA_USAGE = YES_ERROR;
				CLANG_WARN_DOCUMENTATION_COMMENTS = YES;
				CLANG_WARN_EMPTY_BODY = YES;
				CLANG_WARN_ENUM_CONVERSION = YES;
				CLANG_WARN_INFINITE_RECURSION = YES;
				CLANG_WARN_INT_CONVERSION = YES;
				CLANG_WARN_NON_LITERAL_NULL_CONVERSION = YES;
				CLANG_WARN_OBJC_IMPLICIT_RETAIN_SELF = YES;
				CLANG_WARN_OBJC_LITERAL_CONVERSION = YES;
				CLANG_WARN_OBJC_ROOT_CLASS = YES_ERROR;
				CLANG_WARN_QUOTED_INCLUDE_IN_FRAMEWORK_HEADER = YES;
				CLANG_WARN_RANGE_LOOP_ANALYSIS = YES;
				CLANG_WARN_STRICT_PROTOTYPES = YES;
				CLANG_WARN_SUSPICIOUS_MOVE = YES;
				CLANG_WARN_UNGUARDED_AVAILABILITY = YES_AGGRESSIVE;
				CLANG_WARN_UNREACHABLE_CODE = YES;
				CLANG_WARN__DUPLICATE_METHOD_MATCH = YES;
				COPY_PHASE_STRIP = NO;
				DEBUG_INFORMATION_FORMAT = "dwarf-with-dsym";
				ENABLE_NS_ASSERTIONS = NO;
				ENABLE_STRICT_OBJC_MSGSEND = YES;
				ENABLE_USER_SCRIPT_SANDBOXING = YES;
				GCC_C_LANGUAGE_STANDARD = gnu17;
				GCC_NO_COMMON_BLOCKS = YES;
				GCC_WARN_64_TO_32_BIT_CONVERSION = YES;
				GCC_WARN_ABOUT_RETURN_TYPE = YES_ERROR;
				GCC_WARN_UNDECLARED_SELECTOR = YES;
				GCC_WARN_UNINITIALIZED_AUTOS = YES_AGGRESSIVE;
				GCC_WARN_UNUSED_FUNCTION = YES;
				GCC_WARN_UNUSED_VARIABLE = YES;
				IPHONEOS_DEPLOYMENT_TARGET = 17.2;
				LOCALIZATION_PREFERS_STRING_CATALOGS = YES;
				MTL_ENABLE_DEBUG_INFO = NO;
				MTL_FAST_MATH = YES;
				SDKROOT = iphoneos;
				SWIFT_COMPILATION_MODE = wholemodule;
				VALIDATE_PRODUCT = YES;
			};
			name = Release;
		};
		E64CDA7F2B6DADFE001F7413 /* Debug */ = {
			isa = XCBuildConfiguration;
			buildSettings = {
				ASSETCATALOG_COMPILER_APPICON_NAME = AppIcon;
				ASSETCATALOG_COMPILER_GLOBAL_ACCENT_COLOR_NAME = AccentColor;
				CODE_SIGN_STYLE = Automatic;
				CURRENT_PROJECT_VERSION = 1;
				DEVELOPMENT_TEAM = A2JB7XLY38;
				GENERATE_INFOPLIST_FILE = YES;
				INFOPLIST_FILE = HW2.2_TrafficLightsSB_Anna/Info.plist;
				INFOPLIST_KEY_UIApplicationSupportsIndirectInputEvents = YES;
				INFOPLIST_KEY_UILaunchStoryboardName = LaunchScreen;
				INFOPLIST_KEY_UIMainStoryboardFile = Main;
				INFOPLIST_KEY_UISupportedInterfaceOrientations_iPad = "UIInterfaceOrientationPortrait UIInterfaceOrientationPortraitUpsideDown UIInterfaceOrientationLandscapeLeft UIInterfaceOrientationLandscapeRight";
				INFOPLIST_KEY_UISupportedInterfaceOrientations_iPhone = "UIInterfaceOrientationPortrait UIInterfaceOrientationLandscapeLeft UIInterfaceOrientationLandscapeRight";
				LD_RUNPATH_SEARCH_PATHS = (
					"$(inherited)",
					"@executable_path/Frameworks",
				);
				MARKETING_VERSION = 1.0;
				PRODUCT_BUNDLE_IDENTIFIER = "iosApp.HW2-2-TrafficLightsSB-Anna";
				PRODUCT_NAME = "$(TARGET_NAME)";
				SWIFT_EMIT_LOC_STRINGS = YES;
				SWIFT_VERSION = 5.0;
				TARGETED_DEVICE_FAMILY = "1,2";
			};
			name = Debug;
		};
		E64CDA802B6DADFE001F7413 /* Release */ = {
			isa = XCBuildConfiguration;
			buildSettings = {
				ASSETCATALOG_COMPILER_APPICON_NAME = AppIcon;
				ASSETCATALOG_COMPILER_GLOBAL_ACCENT_COLOR_NAME = AccentColor;
				CODE_SIGN_STYLE = Automatic;
				CURRENT_PROJECT_VERSION = 1;
				DEVELOPMENT_TEAM = A2JB7XLY38;
				GENERATE_INFOPLIST_FILE = YES;
				INFOPLIST_FILE = HW2.2_TrafficLightsSB_Anna/Info.plist;
				INFOPLIST_KEY_UIApplicationSupportsIndirectInputEvents = YES;
				INFOPLIST_KEY_UILaunchStoryboardName = LaunchScreen;
				INFOPLIST_KEY_UIMainStoryboardFile = Main;
				INFOPLIST_KEY_UISupportedInterfaceOrientations_iPad = "UIInterfaceOrientationPortrait UIInterfaceOrientationPortraitUpsideDown UIInterfaceOrientationLandscapeLeft UIInterfaceOrientationLandscapeRight";
				INFOPLIST_KEY_UISupportedInterfaceOrientations_iPhone = "UIInterfaceOrientationPortrait UIInterfaceOrientationLandscapeLeft UIInterfaceOrientationLandscapeRight";
				LD_RUNPATH_SEARCH_PATHS = (
					"$(inherited)",
					"@executable_path/Frameworks",
				);
				MARKETING_VERSION = 1.0;
				PRODUCT_BUNDLE_IDENTIFIER = "iosApp.HW2-2-TrafficLightsSB-Anna";
				PRODUCT_NAME = "$(TARGET_NAME)";
				SWIFT_EMIT_LOC_STRINGS = YES;
				SWIFT_VERSION = 5.0;
				TARGETED_DEVICE_FAMILY = "1,2";
			};
			name = Release;
		};
/* End XCBuildConfiguration section */

/* Begin XCConfigurationList section */
		E64CDA652B6DADFD001F7413 /* Build configuration list for PBXProject "HW2.2_TrafficLightsSB_Anna" */ = {
			isa = XCConfigurationList;
			buildConfigurations = (
				E64CDA7C2B6DADFE001F7413 /* Debug */,
				E64CDA7D2B6DADFE001F7413 /* Release */,
			);
			defaultConfigurationIsVisible = 0;
			defaultConfigurationName = Release;
		};
		E64CDA7E2B6DADFE001F7413 /* Build configuration list for PBXNativeTarget "HW2.2_TrafficLightsSB_Anna" */ = {
			isa = XCConfigurationList;
			buildConfigurations = (
				E64CDA7F2B6DADFE001F7413 /* Debug */,
				E64CDA802B6DADFE001F7413 /* Release */,
			);
			defaultConfigurationIsVisible = 0;
			defaultConfigurationName = Release;
		};
/* End XCConfigurationList section */
	};
	rootObject = E64CDA622B6DADFD001F7413 /* Project object */;
}
